
Microsoft Visual Studio Solution File, Format Version 12.00
# Visual Studio Version 16
VisualStudioVersion = 16.0.29215.179
MinimumVisualStudioVersion = 10.0.40219.1
Project("{FAE04EC0-301F-11D3-BF4B-00C04F79EFBC}") = "Entidades", "Entidades\Entidades.csproj", "{3B89B60F-AA49-4D8E-8ED1-78590C10DEA4}"
EndProject
Project("{FAE04EC0-301F-11D3-BF4B-00C04F79EFBC}") = "MainCorreo", "MainCorreo\MainCorreo.csproj", "{AE06F0EF-D760-4DBC-8B20-FA215AD82453}"
EndProject
Project("{FAE04EC0-301F-11D3-BF4B-00C04F79EFBC}") = "TestUnitarios", "TestUnitarios\TestUnitarios.csproj", "{512B1BA1-1CAF-4446-A302-6C0CA4393351}"
EndProject
Global
	GlobalSection(SolutionConfigurationPlatforms) = preSolution
		Debug|Any CPU = Debug|Any CPU
		Release|Any CPU = Release|Any CPU
	EndGlobalSection
	GlobalSection(ProjectConfigurationPlatforms) = postSolution
		{3B89B60F-AA49-4D8E-8ED1-78590C10DEA4}.Debug|Any CPU.ActiveCfg = Debug|Any CPU
		{3B89B60F-AA49-4D8E-8ED1-78590C10DEA4}.Debug|Any CPU.Build.0 = Debug|Any CPU
		{3B89B60F-AA49-4D8E-8ED1-78590C10DEA4}.Release|Any CPU.ActiveCfg = Release|Any CPU
		{3B89B60F-AA49-4D8E-8ED1-78590C10DEA4}.Release|Any CPU.Build.0 = Release|Any CPU
		{AE06F0EF-D760-4DBC-8B20-FA215AD82453}.Debug|Any CPU.ActiveCfg = Debug|Any CPU
		{AE06F0EF-D760-4DBC-8B20-FA215AD82453}.Debug|Any CPU.Build.0 = Debug|Any CPU
		{AE06F0EF-D760-4DBC-8B20-FA215AD82453}.Release|Any CPU.ActiveCfg = Release|Any CPU
		{AE06F0EF-D760-4DBC-8B20-FA215AD82453}.Release|Any CPU.Build.0 = Release|Any CPU
		{512B1BA1-1CAF-4446-A302-6C0CA4393351}.Debug|Any CPU.ActiveCfg = Debug|Any CPU
		{512B1BA1-1CAF-4446-A302-6C0CA4393351}.Debug|Any CPU.Build.0 = Debug|Any CPU
		{512B1BA1-1CAF-4446-A302-6C0CA4393351}.Release|Any CPU.ActiveCfg = Release|Any CPU
		{512B1BA1-1CAF-4446-A302-6C0CA4393351}.Release|Any CPU.Build.0 = Release|Any CPU
	EndGlobalSection
	GlobalSection(SolutionProperties) = preSolution
		HideSolutionNode = FALSE
	EndGlobalSection
	GlobalSection(ExtensibilityGlobals) = postSolution
		SolutionGuid = {61E694A8-C160-4D2D-82D6-8C0FE691610D}
	EndGlobalSection
EndGlobal
