
Microsoft Visual Studio Solution File, Format Version 12.00
# Visual Studio 2012
Project("{FAE04EC0-301F-11D3-BF4B-00C04F79EFBC}") = "Ejercicio 67", "Ejercicio 67\Ejercicio 67.csproj", "{A038E83D-4EE2-43C7-BAA5-7884ED5B3452}"
EndProject
Global
	GlobalSection(SolutionConfigurationPlatforms) = preSolution
		Debug|Any CPU = Debug|Any CPU
		Release|Any CPU = Release|Any CPU
	EndGlobalSection
	GlobalSection(ProjectConfigurationPlatforms) = postSolution
		{A038E83D-4EE2-43C7-BAA5-7884ED5B3452}.Debug|Any CPU.ActiveCfg = Debug|Any CPU
		{A038E83D-4EE2-43C7-BAA5-7884ED5B3452}.Debug|Any CPU.Build.0 = Debug|Any CPU
		{A038E83D-4EE2-43C7-BAA5-7884ED5B3452}.Release|Any CPU.ActiveCfg = Release|Any CPU
		{A038E83D-4EE2-43C7-BAA5-7884ED5B3452}.Release|Any CPU.Build.0 = Release|Any CPU
	EndGlobalSection
	GlobalSection(SolutionProperties) = preSolution
		HideSolutionNode = FALSE
	EndGlobalSection
EndGlobal
