
Microsoft Visual Studio Solution File, Format Version 12.00
# Visual Studio Version 16
VisualStudioVersion = 16.0.30011.22
MinimumVisualStudioVersion = 10.0.40219.1
Project("{FAE04EC0-301F-11D3-BF4B-00C04F79EFBC}") = "Entidades", "Entidades\Entidades.csproj", "{44ACF132-E8D5-4A9C-90B2-6C56371CF044}"
EndProject
Project("{FAE04EC0-301F-11D3-BF4B-00C04F79EFBC}") = "Test", "Test\Test.csproj", "{B4B04553-D14F-4D3C-B004-787879E83A57}"
EndProject
Global
	GlobalSection(SolutionConfigurationPlatforms) = preSolution
		Debug|Any CPU = Debug|Any CPU
		Release|Any CPU = Release|Any CPU
	EndGlobalSection
	GlobalSection(ProjectConfigurationPlatforms) = postSolution
		{44ACF132-E8D5-4A9C-90B2-6C56371CF044}.Debug|Any CPU.ActiveCfg = Debug|Any CPU
		{44ACF132-E8D5-4A9C-90B2-6C56371CF044}.Debug|Any CPU.Build.0 = Debug|Any CPU
		{44ACF132-E8D5-4A9C-90B2-6C56371CF044}.Release|Any CPU.ActiveCfg = Release|Any CPU
		{44ACF132-E8D5-4A9C-90B2-6C56371CF044}.Release|Any CPU.Build.0 = Release|Any CPU
		{B4B04553-D14F-4D3C-B004-787879E83A57}.Debug|Any CPU.ActiveCfg = Debug|Any CPU
		{B4B04553-D14F-4D3C-B004-787879E83A57}.Debug|Any CPU.Build.0 = Debug|Any CPU
		{B4B04553-D14F-4D3C-B004-787879E83A57}.Release|Any CPU.ActiveCfg = Release|Any CPU
		{B4B04553-D14F-4D3C-B004-787879E83A57}.Release|Any CPU.Build.0 = Release|Any CPU
	EndGlobalSection
	GlobalSection(SolutionProperties) = preSolution
		HideSolutionNode = FALSE
	EndGlobalSection
	GlobalSection(ExtensibilityGlobals) = postSolution
		SolutionGuid = {BBBB3978-7ED1-4807-B153-A04D62BEB65E}
	EndGlobalSection
EndGlobal
