
Microsoft Visual Studio Solution File, Format Version 12.00
# Visual Studio Version 16
VisualStudioVersion = 16.0.29215.179
MinimumVisualStudioVersion = 10.0.40219.1
Project("{9A19103F-16F7-4668-BE54-9A1E7A4F7556}") = "Ejercicio_01", "Ejercicio_01\Ejercicio_01.csproj", "{865DB3B6-E69D-4CA9-9B41-E002C386BA4D}"
EndProject
Project("{9A19103F-16F7-4668-BE54-9A1E7A4F7556}") = "Ejercicio_02", "Ejercicio_02\Ejercicio_02.csproj", "{588F2A7E-1EB9-4DF9-906F-3FA4604594DD}"
EndProject
Project("{9A19103F-16F7-4668-BE54-9A1E7A4F7556}") = "Ejercicio_03", "Ejercicio_03\Ejercicio_03.csproj", "{61421D74-BC92-435F-A265-E21209E6B968}"
EndProject
Project("{9A19103F-16F7-4668-BE54-9A1E7A4F7556}") = "Ejercicio_04", "Ejercicio_04\Ejercicio_04.csproj", "{83F60B1A-EBF5-440D-BACF-5CB255B08E5F}"
EndProject
Project("{9A19103F-16F7-4668-BE54-9A1E7A4F7556}") = "Ejercicio_05", "Ejercicio_05\Ejercicio_05.csproj", "{1AD79099-3C8D-4C55-8F66-AF6AC16F1B6F}"
EndProject
Project("{9A19103F-16F7-4668-BE54-9A1E7A4F7556}") = "Ejercicio_06", "Ejercicio_06\Ejercicio_06.csproj", "{C101B059-10EC-482F-AA30-67B0B86B72D6}"
EndProject
Project("{9A19103F-16F7-4668-BE54-9A1E7A4F7556}") = "Ejercicio_07", "Ejercicio_07\Ejercicio_07.csproj", "{96AA8433-89E8-41F2-BAAE-50481E5BFFD0}"
EndProject
Project("{9A19103F-16F7-4668-BE54-9A1E7A4F7556}") = "Ejercicio_08", "Ejercicio_08\Ejercicio_08.csproj", "{C6E3BD88-3259-4F18-9571-9ECC0FD777B0}"
EndProject
Project("{9A19103F-16F7-4668-BE54-9A1E7A4F7556}") = "Ejercicio_09", "Ejercicio_09\Ejercicio_09.csproj", "{CD502DB0-5DF2-4852-9EE8-FA1E71D4FCCD}"
EndProject
Project("{9A19103F-16F7-4668-BE54-9A1E7A4F7556}") = "Ejercicio_10", "Ejercicio_10\Ejercicio_10.csproj", "{11D0303F-3469-47B9-8287-6600F27900C1}"
EndProject
Project("{9A19103F-16F7-4668-BE54-9A1E7A4F7556}") = "Ejercicio_11", "Ejercicio_11\Ejercicio_11.csproj", "{17328A52-8884-4520-85AE-DD6D20F51498}"
EndProject
Project("{9A19103F-16F7-4668-BE54-9A1E7A4F7556}") = "lib_numeros", "lib_numeros\lib_numeros.csproj", "{446FEE8E-8187-493F-B6F7-768AEB91B1CD}"
EndProject
Project("{9A19103F-16F7-4668-BE54-9A1E7A4F7556}") = "Ejercicio_12", "Ejercicio_12\Ejercicio_12.csproj", "{F891F5D1-4E68-44F9-86D1-5EF0BA95B5DC}"
EndProject
Project("{9A19103F-16F7-4668-BE54-9A1E7A4F7556}") = "lib_flow", "lib_flow\lib_flow.csproj", "{B01ED7AA-71E8-4E3C-BCDE-38E5B4A53A40}"
EndProject
Project("{9A19103F-16F7-4668-BE54-9A1E7A4F7556}") = "Ejercicio_13", "Ejercicio_13\Ejercicio_13.csproj", "{06CABF61-8E6B-4B26-B1AF-8D57876A9854}"
EndProject
Project("{9A19103F-16F7-4668-BE54-9A1E7A4F7556}") = "Ejercicio_13_lib", "Ejercicio_13_lib\Ejercicio_13_lib.csproj", "{2DCA9BCB-DE2F-4F70-B094-CB38D2D7EC1E}"
EndProject
Project("{9A19103F-16F7-4668-BE54-9A1E7A4F7556}") = "Ejercicio_14", "Ejercicio_14\Ejercicio_14.csproj", "{329C0A59-373F-486B-AA99-E7232DA7482C}"
EndProject
Project("{9A19103F-16F7-4668-BE54-9A1E7A4F7556}") = "Ejercicio_14bis", "Ejercicio_14bis\Ejercicio_14bis.csproj", "{A6BFE2CC-62EA-4DE0-BD13-18D21613D3FB}"
EndProject
Project("{9A19103F-16F7-4668-BE54-9A1E7A4F7556}") = "Ejercicio_15", "Ejercicio_15\Ejercicio_15.csproj", "{9C0FF40E-DBE3-479C-A792-94EF673D35E7}"
EndProject
Project("{9A19103F-16F7-4668-BE54-9A1E7A4F7556}") = "Ejercicio_16", "Ejercicio_16\Ejercicio_16.csproj", "{6AC3282F-A999-43B5-AC1B-E3F0F9AFA8F6}"
EndProject
Project("{9A19103F-16F7-4668-BE54-9A1E7A4F7556}") = "Ejercicio_17", "Ejercicio_17\Ejercicio_17.csproj", "{C98631A0-4727-45DA-BCE0-C5313E0878F4}"
EndProject
Project("{9A19103F-16F7-4668-BE54-9A1E7A4F7556}") = "Ejercicio_18", "Ejercicio_18\Ejercicio_18.csproj", "{0A62471C-8489-48DF-942A-5D11E28119EF}"
EndProject
Project("{9A19103F-16F7-4668-BE54-9A1E7A4F7556}") = "Ejercicio_19", "Ejercicio_19\Ejercicio_19.csproj", "{5B943FD5-211F-4C42-839B-5EF2F756CE94}"
EndProject
Project("{9A19103F-16F7-4668-BE54-9A1E7A4F7556}") = "Ejercicio_20", "Ejercicio_20\Ejercicio_20.csproj", "{38CB65F3-D84F-4866-A238-B246B2429EE3}"
EndProject
Project("{9A19103F-16F7-4668-BE54-9A1E7A4F7556}") = "Ejercicio_22", "Ejercicio_22\Ejercicio_22.csproj", "{06E4D4AB-11DA-43A1-87D0-CCA4A58AE34B}"
EndProject
Project("{9A19103F-16F7-4668-BE54-9A1E7A4F7556}") = "Clase 05", "Clase 05\Clase 05.csproj", "{46F61FB3-6140-4282-A75E-92CE1212B6AB}"
EndProject
Project("{9A19103F-16F7-4668-BE54-9A1E7A4F7556}") = "Clase 05.Entidades", "Clase05.Entidades\Clase 05.Entidades.csproj", "{7FDCBFC9-7164-4F69-BB4F-D94BA88B2A6F}"
EndProject
Project("{9A19103F-16F7-4668-BE54-9A1E7A4F7556}") = "Ejercicio_23bis", "Ejercicio_23bis\Ejercicio_23bis.csproj", "{61F052B4-7707-45C0-9A8B-8A6E39E1B5AA}"
EndProject
Project("{FAE04EC0-301F-11D3-BF4B-00C04F79EFBC}") = "Ejercicio_23", "Ejercicio_23\Ejercicio_23.csproj", "{B86DCF91-7FCC-42FA-B786-1A3363BABDA7}"
EndProject
Project("{FAE04EC0-301F-11D3-BF4B-00C04F79EFBC}") = "Ejercicio_25", "Ejercicio_25\Ejercicio_25.csproj", "{944DF6E4-05E1-4161-918F-3EDEF5644E95}"
EndProject
Project("{FAE04EC0-301F-11D3-BF4B-00C04F79EFBC}") = "Clase 02.Entidades", "Clase_02.Entidades\Clase 02.Entidades.csproj", "{33B40B1F-FBD7-440B-AF35-12D818EEF4F5}"
EndProject
Project("{9A19103F-16F7-4668-BE54-9A1E7A4F7556}") = "Clase 02", "Clase 02\Clase 02.csproj", "{3BC70CFE-84F6-4DD7-BFF7-022C18F0FC09}"
EndProject
Project("{FAE04EC0-301F-11D3-BF4B-00C04F79EFBC}") = "Clase 06.Entidades", "Clase06.Entidades\Clase 06.Entidades.csproj", "{C577D3B6-8FD1-41AD-A867-014446D2AD66}"
EndProject
Project("{FAE04EC0-301F-11D3-BF4B-00C04F79EFBC}") = "Clase 07", "Clase07\Clase 07.csproj", "{F21C332E-0EDC-49B9-B3A5-5BC419C3F05E}"
EndProject
Project("{9A19103F-16F7-4668-BE54-9A1E7A4F7556}") = "Clase 09.Entidades", "Clase09.Entidades\Clase 09.Entidades.csproj", "{7349795B-04D9-4CB6-93AF-443FB6F65A9D}"
EndProject
Project("{9A19103F-16F7-4668-BE54-9A1E7A4F7556}") = "Ejercicio_26", "Ejercicio_26\Ejercicio_26.csproj", "{0AE7C2EA-2566-4211-89AD-4651D0EC68F9}"
EndProject
Project("{9A19103F-16F7-4668-BE54-9A1E7A4F7556}") = "Ejercicio_27", "Ejercicio_27\Ejercicio_27.csproj", "{4FA34D04-DA65-4D74-8040-B45608D9A60D}"
EndProject
Project("{FAE04EC0-301F-11D3-BF4B-00C04F79EFBC}") = "Ejercicio_28", "Ejercicio_28\Ejercicio_28.csproj", "{F35C22B7-DD19-4BFD-8256-A7BD98A6C958}"
EndProject
Project("{9A19103F-16F7-4668-BE54-9A1E7A4F7556}") = "Ejercicio_29", "Ejercicio_29\Ejercicio_29.csproj", "{725FA76F-40D2-4FC0-8422-36F38204C1EF}"
EndProject
Project("{9A19103F-16F7-4668-BE54-9A1E7A4F7556}") = "Ejercicio_30", "Ejercicio_30\Ejercicio_30.csproj", "{EFC7EC45-EC67-449D-96CE-0FA8236A0806}"
EndProject
Project("{9A19103F-16F7-4668-BE54-9A1E7A4F7556}") = "Ejercicio_31", "Ejercicio_31\Ejercicio_31.csproj", "{7110A904-C8C7-4F74-B3D7-3863CF89B55A}"
EndProject
Project("{9A19103F-16F7-4668-BE54-9A1E7A4F7556}") = "Ejercicio_32", "Ejercicio_32\Ejercicio_32.csproj", "{3B80DDB7-39BC-41EF-BA87-DFAE76DFCAA8}"
EndProject
Project("{9A19103F-16F7-4668-BE54-9A1E7A4F7556}") = "Ejercicio_33", "Ejercicio_33\Ejercicio_33.csproj", "{66560C2A-B952-4890-A622-391DC48CA51E}"
EndProject
Project("{9A19103F-16F7-4668-BE54-9A1E7A4F7556}") = "Ejercicio_34", "Ejercicio_34\Ejercicio_34.csproj", "{9385F490-A2B9-4975-B911-C0193A9B89AA}"
EndProject
Project("{9A19103F-16F7-4668-BE54-9A1E7A4F7556}") = "Ejercicio_35", "Ejercicio_35\Ejercicio_35.csproj", "{50941447-A629-4F95-984D-95817C41EA46}"
EndProject
Project("{9A19103F-16F7-4668-BE54-9A1E7A4F7556}") = "Ejercicio_36", "Ejercicio_36\Ejercicio_36.csproj", "{4BDE0E5F-3785-43BE-BC70-1775A6AF35CE}"
EndProject
Project("{9A19103F-16F7-4668-BE54-9A1E7A4F7556}") = "Clase 11.Entidades", "Clase11.Entidades\Clase 11.Entidades.csproj", "{C7E38EA3-1E1A-4802-99A0-42232F2CAB5D}"
EndProject
Project("{FAE04EC0-301F-11D3-BF4B-00C04F79EFBC}") = "Clase 11", "Clase11\Clase 11.csproj", "{16D3AFA4-A085-4E1D-8C79-4BCDA24B5076}"
EndProject
Project("{FAE04EC0-301F-11D3-BF4B-00C04F79EFBC}") = "Clase 12.CentralitaPolimorfismo", "Clase 12 y 14.CentralitaPolimorfismo\Clase 12.CentralitaPolimorfismo.csproj", "{3EF5BC56-1EA1-4767-9104-8736CDCB3757}"
EndProject
Project("{FAE04EC0-301F-11D3-BF4B-00C04F79EFBC}") = "Clase 14.CentralitaWindowsForms", "CentralitaWindowsForms\Clase 14.CentralitaWindowsForms.csproj", "{9C127181-9D8C-4D0A-8A53-C66D8C0F8480}"
EndProject
Project("{FAE04EC0-301F-11D3-BF4B-00C04F79EFBC}") = "Clase 15.Entidades (ModeloDeParcial)", "Clase 15.Entidades (ModeloDeParcial)\Clase 15.Entidades (ModeloDeParcial).csproj", "{F845CF34-DD50-424B-8110-ECE9B62053F8}"
EndProject
Project("{FAE04EC0-301F-11D3-BF4B-00C04F79EFBC}") = "Clase 15 (ModeloDeParcial)", "ConsoleApp1\Clase 15 (ModeloDeParcial).csproj", "{B48A5689-9D13-4416-AD57-13B944496358}"
EndProject
Project("{9A19103F-16F7-4668-BE54-9A1E7A4F7556}") = "Práctica Parcial 01", "Práctica Parcial 01\Práctica Parcial 01.csproj", "{88434651-6DEA-461C-A817-33FC295CA044}"
EndProject
Project("{FAE04EC0-301F-11D3-BF4B-00C04F79EFBC}") = "Clase 16.Metodo4Exception", "Metodo4Exception\Clase 16.Metodo4Exception.csproj", "{A9D332B7-6C64-4CB4-880E-FD636B3040CC}"
EndProject
Project("{FAE04EC0-301F-11D3-BF4B-00C04F79EFBC}") = "Parcial 1.Entidades", "Entidades\Parcial 1.Entidades.csproj", "{98302BC3-D8F8-417D-B78E-9F53AB2A2548}"
EndProject
Project("{FAE04EC0-301F-11D3-BF4B-00C04F79EFBC}") = "Parcial 1.Programa", "Programa\Parcial 1.Programa.csproj", "{A2E6F9FD-8F56-4359-8C2E-2AC24525A7A5}"
EndProject
Project("{FAE04EC0-301F-11D3-BF4B-00C04F79EFBC}") = "Clase 16_Archivos", "Clase 16_Archivos\Clase 16_Archivos.csproj", "{735496D4-1DC3-4627-B8DD-2A95E83EF148}"
EndProject
Project("{FAE04EC0-301F-11D3-BF4B-00C04F79EFBC}") = "Clase 16_Archivos en WF", "Clase 17\Clase 16_Archivos en WF.csproj", "{6F004553-609F-4C4A-89A2-BB030B886135}"
EndProject
Project("{FAE04EC0-301F-11D3-BF4B-00C04F79EFBC}") = "Clase 17.Entidades", "Clase 17.Entidades\Clase 17.Entidades.csproj", "{92EF8C55-B545-4B38-B32C-CF9746DC13E0}"
EndProject
Project("{9A19103F-16F7-4668-BE54-9A1E7A4F7556}") = "Clase 17.TestEntidades", "Clase 17.TestEntidades\Clase 17.TestEntidades.csproj", "{30489307-1EA9-4576-8364-C85348F0B6DD}"
EndProject
Project("{FAE04EC0-301F-11D3-BF4B-00C04F79EFBC}") = "Ejercicio_48.Entidades", "Ejercicios_48\Ejercicio_48.Entidades.csproj", "{95F2CDCF-A846-4E6C-B711-0316D2568DD5}"
EndProject
Project("{FAE04EC0-301F-11D3-BF4B-00C04F79EFBC}") = "Ejercicio_48", "Ejercicio_48\Ejercicio_48.csproj", "{F18246AA-CCC3-4288-B746-F061DA7FAC18}"
EndProject
Project("{FAE04EC0-301F-11D3-BF4B-00C04F79EFBC}") = "Clase 18,Entidades", "Clase 18,Entidades\Clase 18,Entidades.csproj", "{788A191D-ABC7-4A9A-8BE3-4FA2AD731C71}"
EndProject
Project("{FAE04EC0-301F-11D3-BF4B-00C04F79EFBC}") = "Clase 18", "Clase 18\Clase 18.csproj", "{B3A9C365-4185-4502-8932-B5F95F934EFF}"
EndProject
Project("{FAE04EC0-301F-11D3-BF4B-00C04F79EFBC}") = "Clase 19.Entidades 2", "Clase 19.Entidades 2\Clase 19.Entidades 2.csproj", "{1C0F11E2-0AD7-4F76-8919-E001E855AEC4}"
EndProject
Project("{FAE04EC0-301F-11D3-BF4B-00C04F79EFBC}") = "Clase 19", "Clase 19\Clase 19.csproj", "{3C54727D-587B-40B4-9F5B-A7A1A9D9D77A}"
EndProject
Project("{FAE04EC0-301F-11D3-BF4B-00C04F79EFBC}") = "Clase 19.Consola2", "Clase 19.Consola2\Clase 19.Consola2.csproj", "{0870C027-0797-4634-BC41-BCAEC0A0AA85}"
EndProject
Project("{9A19103F-16F7-4668-BE54-9A1E7A4F7556}") = "Clase 19.Consola3", "Clase 19.Consola3\Clase 19.Consola3.csproj", "{D550700C-331B-4863-8E59-B8809C4337B6}"
EndProject
Project("{FAE04EC0-301F-11D3-BF4B-00C04F79EFBC}") = "Clase 20.Entidades", "Clase 20.Entidades\Clase 20.Entidades.csproj", "{D21B510F-38AB-46D4-9791-CFA1DAB03604}"
EndProject
Project("{FAE04EC0-301F-11D3-BF4B-00C04F79EFBC}") = "Clase 20.AdminPersonas", "Clase 20.AdminPersonas\Clase 20.AdminPersonas.csproj", "{6BE4E755-DBBA-427C-91CF-9C55BFA70691}"
EndProject
Project("{FAE04EC0-301F-11D3-BF4B-00C04F79EFBC}") = "Clase 22.Entidades", "Clase 22.Entidades\Clase 22.Entidades.csproj", "{FE8B7D6D-2F1E-4112-8EC5-AB3FC0AEBA03}"
EndProject
Project("{FAE04EC0-301F-11D3-BF4B-00C04F79EFBC}") = "Clase 22", "Clase 22\Clase 22.csproj", "{2E3C37ED-2AB1-452B-A5FB-358AE8120802}"
EndProject
Project("{FAE04EC0-301F-11D3-BF4B-00C04F79EFBC}") = "Clase 22.WF", "Clase 22.WF\Clase 22.WF.csproj", "{A068751A-49CA-4E0B-B2E8-5D84A0F8DEC6}"
EndProject
Project("{FAE04EC0-301F-11D3-BF4B-00C04F79EFBC}") = "Clase 23.Entidades", "Clase 23.Entidades\Clase 23.Entidades.csproj", "{11690557-7B1B-4F4B-9401-0C239C4B9C45}"
EndProject
Project("{FAE04EC0-301F-11D3-BF4B-00C04F79EFBC}") = "Clase 23", "Clase 23\Clase 23.csproj", "{F6AB3BE6-1418-46AF-9FF9-0000ABD0114C}"
EndProject
Project("{FAE04EC0-301F-11D3-BF4B-00C04F79EFBC}") = "UnitTestProject1", "UnitTestProject1\UnitTestProject1.csproj", "{481FCB62-EBFC-4387-BB17-4477D8697718}"
EndProject
Project("{FAE04EC0-301F-11D3-BF4B-00C04F79EFBC}") = "ModeloParcial2.Archivo", "ModeloParcial2.Archivo\ModeloParcial2.Archivo.csproj", "{1C5B2ED6-EC98-40B7-AFA8-1C4B392DE3A9}"
EndProject
Project("{FAE04EC0-301F-11D3-BF4B-00C04F79EFBC}") = "ModeloParcial2.Entidades", "ModeloParcial2.Entidades\ModeloParcial2.Entidades.csproj", "{CF8854E5-2681-4F81-9F1D-F9EC3292F1CF}"
EndProject
Project("{FAE04EC0-301F-11D3-BF4B-00C04F79EFBC}") = "Librería Segundo Parcial", "Librería Segundo Parcial\Librería Segundo Parcial.csproj", "{72F14302-9EA1-4CDE-8699-9DD7FB4671C0}"
EndProject
Global
	GlobalSection(SolutionConfigurationPlatforms) = preSolution
		Debug|Any CPU = Debug|Any CPU
		Release|Any CPU = Release|Any CPU
	EndGlobalSection
	GlobalSection(ProjectConfigurationPlatforms) = postSolution
		{865DB3B6-E69D-4CA9-9B41-E002C386BA4D}.Debug|Any CPU.ActiveCfg = Debug|Any CPU
		{865DB3B6-E69D-4CA9-9B41-E002C386BA4D}.Debug|Any CPU.Build.0 = Debug|Any CPU
		{865DB3B6-E69D-4CA9-9B41-E002C386BA4D}.Release|Any CPU.ActiveCfg = Release|Any CPU
		{865DB3B6-E69D-4CA9-9B41-E002C386BA4D}.Release|Any CPU.Build.0 = Release|Any CPU
		{588F2A7E-1EB9-4DF9-906F-3FA4604594DD}.Debug|Any CPU.ActiveCfg = Debug|Any CPU
		{588F2A7E-1EB9-4DF9-906F-3FA4604594DD}.Debug|Any CPU.Build.0 = Debug|Any CPU
		{588F2A7E-1EB9-4DF9-906F-3FA4604594DD}.Release|Any CPU.ActiveCfg = Release|Any CPU
		{588F2A7E-1EB9-4DF9-906F-3FA4604594DD}.Release|Any CPU.Build.0 = Release|Any CPU
		{61421D74-BC92-435F-A265-E21209E6B968}.Debug|Any CPU.ActiveCfg = Debug|Any CPU
		{61421D74-BC92-435F-A265-E21209E6B968}.Debug|Any CPU.Build.0 = Debug|Any CPU
		{61421D74-BC92-435F-A265-E21209E6B968}.Release|Any CPU.ActiveCfg = Release|Any CPU
		{61421D74-BC92-435F-A265-E21209E6B968}.Release|Any CPU.Build.0 = Release|Any CPU
		{83F60B1A-EBF5-440D-BACF-5CB255B08E5F}.Debug|Any CPU.ActiveCfg = Debug|Any CPU
		{83F60B1A-EBF5-440D-BACF-5CB255B08E5F}.Debug|Any CPU.Build.0 = Debug|Any CPU
		{83F60B1A-EBF5-440D-BACF-5CB255B08E5F}.Release|Any CPU.ActiveCfg = Release|Any CPU
		{83F60B1A-EBF5-440D-BACF-5CB255B08E5F}.Release|Any CPU.Build.0 = Release|Any CPU
		{1AD79099-3C8D-4C55-8F66-AF6AC16F1B6F}.Debug|Any CPU.ActiveCfg = Debug|Any CPU
		{1AD79099-3C8D-4C55-8F66-AF6AC16F1B6F}.Debug|Any CPU.Build.0 = Debug|Any CPU
		{1AD79099-3C8D-4C55-8F66-AF6AC16F1B6F}.Release|Any CPU.ActiveCfg = Release|Any CPU
		{1AD79099-3C8D-4C55-8F66-AF6AC16F1B6F}.Release|Any CPU.Build.0 = Release|Any CPU
		{C101B059-10EC-482F-AA30-67B0B86B72D6}.Debug|Any CPU.ActiveCfg = Debug|Any CPU
		{C101B059-10EC-482F-AA30-67B0B86B72D6}.Debug|Any CPU.Build.0 = Debug|Any CPU
		{C101B059-10EC-482F-AA30-67B0B86B72D6}.Release|Any CPU.ActiveCfg = Release|Any CPU
		{C101B059-10EC-482F-AA30-67B0B86B72D6}.Release|Any CPU.Build.0 = Release|Any CPU
		{96AA8433-89E8-41F2-BAAE-50481E5BFFD0}.Debug|Any CPU.ActiveCfg = Debug|Any CPU
		{96AA8433-89E8-41F2-BAAE-50481E5BFFD0}.Debug|Any CPU.Build.0 = Debug|Any CPU
		{96AA8433-89E8-41F2-BAAE-50481E5BFFD0}.Release|Any CPU.ActiveCfg = Release|Any CPU
		{96AA8433-89E8-41F2-BAAE-50481E5BFFD0}.Release|Any CPU.Build.0 = Release|Any CPU
		{C6E3BD88-3259-4F18-9571-9ECC0FD777B0}.Debug|Any CPU.ActiveCfg = Debug|Any CPU
		{C6E3BD88-3259-4F18-9571-9ECC0FD777B0}.Debug|Any CPU.Build.0 = Debug|Any CPU
		{C6E3BD88-3259-4F18-9571-9ECC0FD777B0}.Release|Any CPU.ActiveCfg = Release|Any CPU
		{C6E3BD88-3259-4F18-9571-9ECC0FD777B0}.Release|Any CPU.Build.0 = Release|Any CPU
		{CD502DB0-5DF2-4852-9EE8-FA1E71D4FCCD}.Debug|Any CPU.ActiveCfg = Debug|Any CPU
		{CD502DB0-5DF2-4852-9EE8-FA1E71D4FCCD}.Debug|Any CPU.Build.0 = Debug|Any CPU
		{CD502DB0-5DF2-4852-9EE8-FA1E71D4FCCD}.Release|Any CPU.ActiveCfg = Release|Any CPU
		{CD502DB0-5DF2-4852-9EE8-FA1E71D4FCCD}.Release|Any CPU.Build.0 = Release|Any CPU
		{11D0303F-3469-47B9-8287-6600F27900C1}.Debug|Any CPU.ActiveCfg = Debug|Any CPU
		{11D0303F-3469-47B9-8287-6600F27900C1}.Debug|Any CPU.Build.0 = Debug|Any CPU
		{11D0303F-3469-47B9-8287-6600F27900C1}.Release|Any CPU.ActiveCfg = Release|Any CPU
		{11D0303F-3469-47B9-8287-6600F27900C1}.Release|Any CPU.Build.0 = Release|Any CPU
		{17328A52-8884-4520-85AE-DD6D20F51498}.Debug|Any CPU.ActiveCfg = Debug|Any CPU
		{17328A52-8884-4520-85AE-DD6D20F51498}.Debug|Any CPU.Build.0 = Debug|Any CPU
		{17328A52-8884-4520-85AE-DD6D20F51498}.Release|Any CPU.ActiveCfg = Release|Any CPU
		{17328A52-8884-4520-85AE-DD6D20F51498}.Release|Any CPU.Build.0 = Release|Any CPU
		{446FEE8E-8187-493F-B6F7-768AEB91B1CD}.Debug|Any CPU.ActiveCfg = Debug|Any CPU
		{446FEE8E-8187-493F-B6F7-768AEB91B1CD}.Debug|Any CPU.Build.0 = Debug|Any CPU
		{446FEE8E-8187-493F-B6F7-768AEB91B1CD}.Release|Any CPU.ActiveCfg = Release|Any CPU
		{446FEE8E-8187-493F-B6F7-768AEB91B1CD}.Release|Any CPU.Build.0 = Release|Any CPU
		{F891F5D1-4E68-44F9-86D1-5EF0BA95B5DC}.Debug|Any CPU.ActiveCfg = Debug|Any CPU
		{F891F5D1-4E68-44F9-86D1-5EF0BA95B5DC}.Debug|Any CPU.Build.0 = Debug|Any CPU
		{F891F5D1-4E68-44F9-86D1-5EF0BA95B5DC}.Release|Any CPU.ActiveCfg = Release|Any CPU
		{F891F5D1-4E68-44F9-86D1-5EF0BA95B5DC}.Release|Any CPU.Build.0 = Release|Any CPU
		{B01ED7AA-71E8-4E3C-BCDE-38E5B4A53A40}.Debug|Any CPU.ActiveCfg = Debug|Any CPU
		{B01ED7AA-71E8-4E3C-BCDE-38E5B4A53A40}.Debug|Any CPU.Build.0 = Debug|Any CPU
		{B01ED7AA-71E8-4E3C-BCDE-38E5B4A53A40}.Release|Any CPU.ActiveCfg = Release|Any CPU
		{B01ED7AA-71E8-4E3C-BCDE-38E5B4A53A40}.Release|Any CPU.Build.0 = Release|Any CPU
		{06CABF61-8E6B-4B26-B1AF-8D57876A9854}.Debug|Any CPU.ActiveCfg = Debug|Any CPU
		{06CABF61-8E6B-4B26-B1AF-8D57876A9854}.Debug|Any CPU.Build.0 = Debug|Any CPU
		{06CABF61-8E6B-4B26-B1AF-8D57876A9854}.Release|Any CPU.ActiveCfg = Release|Any CPU
		{06CABF61-8E6B-4B26-B1AF-8D57876A9854}.Release|Any CPU.Build.0 = Release|Any CPU
		{2DCA9BCB-DE2F-4F70-B094-CB38D2D7EC1E}.Debug|Any CPU.ActiveCfg = Debug|Any CPU
		{2DCA9BCB-DE2F-4F70-B094-CB38D2D7EC1E}.Debug|Any CPU.Build.0 = Debug|Any CPU
		{2DCA9BCB-DE2F-4F70-B094-CB38D2D7EC1E}.Release|Any CPU.ActiveCfg = Release|Any CPU
		{2DCA9BCB-DE2F-4F70-B094-CB38D2D7EC1E}.Release|Any CPU.Build.0 = Release|Any CPU
		{329C0A59-373F-486B-AA99-E7232DA7482C}.Debug|Any CPU.ActiveCfg = Debug|Any CPU
		{329C0A59-373F-486B-AA99-E7232DA7482C}.Debug|Any CPU.Build.0 = Debug|Any CPU
		{329C0A59-373F-486B-AA99-E7232DA7482C}.Release|Any CPU.ActiveCfg = Release|Any CPU
		{329C0A59-373F-486B-AA99-E7232DA7482C}.Release|Any CPU.Build.0 = Release|Any CPU
		{A6BFE2CC-62EA-4DE0-BD13-18D21613D3FB}.Debug|Any CPU.ActiveCfg = Debug|Any CPU
		{A6BFE2CC-62EA-4DE0-BD13-18D21613D3FB}.Debug|Any CPU.Build.0 = Debug|Any CPU
		{A6BFE2CC-62EA-4DE0-BD13-18D21613D3FB}.Release|Any CPU.ActiveCfg = Release|Any CPU
		{A6BFE2CC-62EA-4DE0-BD13-18D21613D3FB}.Release|Any CPU.Build.0 = Release|Any CPU
		{9C0FF40E-DBE3-479C-A792-94EF673D35E7}.Debug|Any CPU.ActiveCfg = Debug|Any CPU
		{9C0FF40E-DBE3-479C-A792-94EF673D35E7}.Debug|Any CPU.Build.0 = Debug|Any CPU
		{9C0FF40E-DBE3-479C-A792-94EF673D35E7}.Release|Any CPU.ActiveCfg = Release|Any CPU
		{9C0FF40E-DBE3-479C-A792-94EF673D35E7}.Release|Any CPU.Build.0 = Release|Any CPU
		{6AC3282F-A999-43B5-AC1B-E3F0F9AFA8F6}.Debug|Any CPU.ActiveCfg = Debug|Any CPU
		{6AC3282F-A999-43B5-AC1B-E3F0F9AFA8F6}.Debug|Any CPU.Build.0 = Debug|Any CPU
		{6AC3282F-A999-43B5-AC1B-E3F0F9AFA8F6}.Release|Any CPU.ActiveCfg = Release|Any CPU
		{6AC3282F-A999-43B5-AC1B-E3F0F9AFA8F6}.Release|Any CPU.Build.0 = Release|Any CPU
		{C98631A0-4727-45DA-BCE0-C5313E0878F4}.Debug|Any CPU.ActiveCfg = Debug|Any CPU
		{C98631A0-4727-45DA-BCE0-C5313E0878F4}.Debug|Any CPU.Build.0 = Debug|Any CPU
		{C98631A0-4727-45DA-BCE0-C5313E0878F4}.Release|Any CPU.ActiveCfg = Release|Any CPU
		{C98631A0-4727-45DA-BCE0-C5313E0878F4}.Release|Any CPU.Build.0 = Release|Any CPU
		{0A62471C-8489-48DF-942A-5D11E28119EF}.Debug|Any CPU.ActiveCfg = Debug|Any CPU
		{0A62471C-8489-48DF-942A-5D11E28119EF}.Debug|Any CPU.Build.0 = Debug|Any CPU
		{0A62471C-8489-48DF-942A-5D11E28119EF}.Release|Any CPU.ActiveCfg = Release|Any CPU
		{0A62471C-8489-48DF-942A-5D11E28119EF}.Release|Any CPU.Build.0 = Release|Any CPU
		{5B943FD5-211F-4C42-839B-5EF2F756CE94}.Debug|Any CPU.ActiveCfg = Debug|Any CPU
		{5B943FD5-211F-4C42-839B-5EF2F756CE94}.Debug|Any CPU.Build.0 = Debug|Any CPU
		{5B943FD5-211F-4C42-839B-5EF2F756CE94}.Release|Any CPU.ActiveCfg = Release|Any CPU
		{5B943FD5-211F-4C42-839B-5EF2F756CE94}.Release|Any CPU.Build.0 = Release|Any CPU
		{38CB65F3-D84F-4866-A238-B246B2429EE3}.Debug|Any CPU.ActiveCfg = Debug|Any CPU
		{38CB65F3-D84F-4866-A238-B246B2429EE3}.Debug|Any CPU.Build.0 = Debug|Any CPU
		{38CB65F3-D84F-4866-A238-B246B2429EE3}.Release|Any CPU.ActiveCfg = Release|Any CPU
		{38CB65F3-D84F-4866-A238-B246B2429EE3}.Release|Any CPU.Build.0 = Release|Any CPU
		{06E4D4AB-11DA-43A1-87D0-CCA4A58AE34B}.Debug|Any CPU.ActiveCfg = Debug|Any CPU
		{06E4D4AB-11DA-43A1-87D0-CCA4A58AE34B}.Debug|Any CPU.Build.0 = Debug|Any CPU
		{06E4D4AB-11DA-43A1-87D0-CCA4A58AE34B}.Release|Any CPU.ActiveCfg = Release|Any CPU
		{06E4D4AB-11DA-43A1-87D0-CCA4A58AE34B}.Release|Any CPU.Build.0 = Release|Any CPU
		{46F61FB3-6140-4282-A75E-92CE1212B6AB}.Debug|Any CPU.ActiveCfg = Debug|Any CPU
		{46F61FB3-6140-4282-A75E-92CE1212B6AB}.Debug|Any CPU.Build.0 = Debug|Any CPU
		{46F61FB3-6140-4282-A75E-92CE1212B6AB}.Release|Any CPU.ActiveCfg = Release|Any CPU
		{46F61FB3-6140-4282-A75E-92CE1212B6AB}.Release|Any CPU.Build.0 = Release|Any CPU
		{7FDCBFC9-7164-4F69-BB4F-D94BA88B2A6F}.Debug|Any CPU.ActiveCfg = Debug|Any CPU
		{7FDCBFC9-7164-4F69-BB4F-D94BA88B2A6F}.Debug|Any CPU.Build.0 = Debug|Any CPU
		{7FDCBFC9-7164-4F69-BB4F-D94BA88B2A6F}.Release|Any CPU.ActiveCfg = Release|Any CPU
		{7FDCBFC9-7164-4F69-BB4F-D94BA88B2A6F}.Release|Any CPU.Build.0 = Release|Any CPU
		{61F052B4-7707-45C0-9A8B-8A6E39E1B5AA}.Debug|Any CPU.ActiveCfg = Debug|Any CPU
		{61F052B4-7707-45C0-9A8B-8A6E39E1B5AA}.Debug|Any CPU.Build.0 = Debug|Any CPU
		{61F052B4-7707-45C0-9A8B-8A6E39E1B5AA}.Release|Any CPU.ActiveCfg = Release|Any CPU
		{61F052B4-7707-45C0-9A8B-8A6E39E1B5AA}.Release|Any CPU.Build.0 = Release|Any CPU
		{B86DCF91-7FCC-42FA-B786-1A3363BABDA7}.Debug|Any CPU.ActiveCfg = Debug|Any CPU
		{B86DCF91-7FCC-42FA-B786-1A3363BABDA7}.Debug|Any CPU.Build.0 = Debug|Any CPU
		{B86DCF91-7FCC-42FA-B786-1A3363BABDA7}.Release|Any CPU.ActiveCfg = Release|Any CPU
		{B86DCF91-7FCC-42FA-B786-1A3363BABDA7}.Release|Any CPU.Build.0 = Release|Any CPU
		{944DF6E4-05E1-4161-918F-3EDEF5644E95}.Debug|Any CPU.ActiveCfg = Debug|Any CPU
		{944DF6E4-05E1-4161-918F-3EDEF5644E95}.Debug|Any CPU.Build.0 = Debug|Any CPU
		{944DF6E4-05E1-4161-918F-3EDEF5644E95}.Release|Any CPU.ActiveCfg = Release|Any CPU
		{944DF6E4-05E1-4161-918F-3EDEF5644E95}.Release|Any CPU.Build.0 = Release|Any CPU
		{33B40B1F-FBD7-440B-AF35-12D818EEF4F5}.Debug|Any CPU.ActiveCfg = Debug|Any CPU
		{33B40B1F-FBD7-440B-AF35-12D818EEF4F5}.Debug|Any CPU.Build.0 = Debug|Any CPU
		{33B40B1F-FBD7-440B-AF35-12D818EEF4F5}.Release|Any CPU.ActiveCfg = Release|Any CPU
		{33B40B1F-FBD7-440B-AF35-12D818EEF4F5}.Release|Any CPU.Build.0 = Release|Any CPU
		{3BC70CFE-84F6-4DD7-BFF7-022C18F0FC09}.Debug|Any CPU.ActiveCfg = Debug|Any CPU
		{3BC70CFE-84F6-4DD7-BFF7-022C18F0FC09}.Debug|Any CPU.Build.0 = Debug|Any CPU
		{3BC70CFE-84F6-4DD7-BFF7-022C18F0FC09}.Release|Any CPU.ActiveCfg = Release|Any CPU
		{3BC70CFE-84F6-4DD7-BFF7-022C18F0FC09}.Release|Any CPU.Build.0 = Release|Any CPU
		{C577D3B6-8FD1-41AD-A867-014446D2AD66}.Debug|Any CPU.ActiveCfg = Debug|Any CPU
		{C577D3B6-8FD1-41AD-A867-014446D2AD66}.Debug|Any CPU.Build.0 = Debug|Any CPU
		{C577D3B6-8FD1-41AD-A867-014446D2AD66}.Release|Any CPU.ActiveCfg = Release|Any CPU
		{C577D3B6-8FD1-41AD-A867-014446D2AD66}.Release|Any CPU.Build.0 = Release|Any CPU
		{F21C332E-0EDC-49B9-B3A5-5BC419C3F05E}.Debug|Any CPU.ActiveCfg = Debug|Any CPU
		{F21C332E-0EDC-49B9-B3A5-5BC419C3F05E}.Debug|Any CPU.Build.0 = Debug|Any CPU
		{F21C332E-0EDC-49B9-B3A5-5BC419C3F05E}.Release|Any CPU.ActiveCfg = Release|Any CPU
		{F21C332E-0EDC-49B9-B3A5-5BC419C3F05E}.Release|Any CPU.Build.0 = Release|Any CPU
		{7349795B-04D9-4CB6-93AF-443FB6F65A9D}.Debug|Any CPU.ActiveCfg = Debug|Any CPU
		{7349795B-04D9-4CB6-93AF-443FB6F65A9D}.Debug|Any CPU.Build.0 = Debug|Any CPU
		{7349795B-04D9-4CB6-93AF-443FB6F65A9D}.Release|Any CPU.ActiveCfg = Release|Any CPU
		{7349795B-04D9-4CB6-93AF-443FB6F65A9D}.Release|Any CPU.Build.0 = Release|Any CPU
		{0AE7C2EA-2566-4211-89AD-4651D0EC68F9}.Debug|Any CPU.ActiveCfg = Debug|Any CPU
		{0AE7C2EA-2566-4211-89AD-4651D0EC68F9}.Debug|Any CPU.Build.0 = Debug|Any CPU
		{0AE7C2EA-2566-4211-89AD-4651D0EC68F9}.Release|Any CPU.ActiveCfg = Release|Any CPU
		{0AE7C2EA-2566-4211-89AD-4651D0EC68F9}.Release|Any CPU.Build.0 = Release|Any CPU
		{4FA34D04-DA65-4D74-8040-B45608D9A60D}.Debug|Any CPU.ActiveCfg = Debug|Any CPU
		{4FA34D04-DA65-4D74-8040-B45608D9A60D}.Debug|Any CPU.Build.0 = Debug|Any CPU
		{4FA34D04-DA65-4D74-8040-B45608D9A60D}.Release|Any CPU.ActiveCfg = Release|Any CPU
		{4FA34D04-DA65-4D74-8040-B45608D9A60D}.Release|Any CPU.Build.0 = Release|Any CPU
		{F35C22B7-DD19-4BFD-8256-A7BD98A6C958}.Debug|Any CPU.ActiveCfg = Debug|Any CPU
		{F35C22B7-DD19-4BFD-8256-A7BD98A6C958}.Debug|Any CPU.Build.0 = Debug|Any CPU
		{F35C22B7-DD19-4BFD-8256-A7BD98A6C958}.Release|Any CPU.ActiveCfg = Release|Any CPU
		{F35C22B7-DD19-4BFD-8256-A7BD98A6C958}.Release|Any CPU.Build.0 = Release|Any CPU
		{725FA76F-40D2-4FC0-8422-36F38204C1EF}.Debug|Any CPU.ActiveCfg = Debug|Any CPU
		{725FA76F-40D2-4FC0-8422-36F38204C1EF}.Debug|Any CPU.Build.0 = Debug|Any CPU
		{725FA76F-40D2-4FC0-8422-36F38204C1EF}.Release|Any CPU.ActiveCfg = Release|Any CPU
		{725FA76F-40D2-4FC0-8422-36F38204C1EF}.Release|Any CPU.Build.0 = Release|Any CPU
		{EFC7EC45-EC67-449D-96CE-0FA8236A0806}.Debug|Any CPU.ActiveCfg = Debug|Any CPU
		{EFC7EC45-EC67-449D-96CE-0FA8236A0806}.Debug|Any CPU.Build.0 = Debug|Any CPU
		{EFC7EC45-EC67-449D-96CE-0FA8236A0806}.Release|Any CPU.ActiveCfg = Release|Any CPU
		{EFC7EC45-EC67-449D-96CE-0FA8236A0806}.Release|Any CPU.Build.0 = Release|Any CPU
		{7110A904-C8C7-4F74-B3D7-3863CF89B55A}.Debug|Any CPU.ActiveCfg = Debug|Any CPU
		{7110A904-C8C7-4F74-B3D7-3863CF89B55A}.Debug|Any CPU.Build.0 = Debug|Any CPU
		{7110A904-C8C7-4F74-B3D7-3863CF89B55A}.Release|Any CPU.ActiveCfg = Release|Any CPU
		{7110A904-C8C7-4F74-B3D7-3863CF89B55A}.Release|Any CPU.Build.0 = Release|Any CPU
		{3B80DDB7-39BC-41EF-BA87-DFAE76DFCAA8}.Debug|Any CPU.ActiveCfg = Debug|Any CPU
		{3B80DDB7-39BC-41EF-BA87-DFAE76DFCAA8}.Debug|Any CPU.Build.0 = Debug|Any CPU
		{3B80DDB7-39BC-41EF-BA87-DFAE76DFCAA8}.Release|Any CPU.ActiveCfg = Release|Any CPU
		{3B80DDB7-39BC-41EF-BA87-DFAE76DFCAA8}.Release|Any CPU.Build.0 = Release|Any CPU
		{66560C2A-B952-4890-A622-391DC48CA51E}.Debug|Any CPU.ActiveCfg = Debug|Any CPU
		{66560C2A-B952-4890-A622-391DC48CA51E}.Debug|Any CPU.Build.0 = Debug|Any CPU
		{66560C2A-B952-4890-A622-391DC48CA51E}.Release|Any CPU.ActiveCfg = Release|Any CPU
		{66560C2A-B952-4890-A622-391DC48CA51E}.Release|Any CPU.Build.0 = Release|Any CPU
		{9385F490-A2B9-4975-B911-C0193A9B89AA}.Debug|Any CPU.ActiveCfg = Debug|Any CPU
		{9385F490-A2B9-4975-B911-C0193A9B89AA}.Debug|Any CPU.Build.0 = Debug|Any CPU
		{9385F490-A2B9-4975-B911-C0193A9B89AA}.Release|Any CPU.ActiveCfg = Release|Any CPU
		{9385F490-A2B9-4975-B911-C0193A9B89AA}.Release|Any CPU.Build.0 = Release|Any CPU
		{50941447-A629-4F95-984D-95817C41EA46}.Debug|Any CPU.ActiveCfg = Debug|Any CPU
		{50941447-A629-4F95-984D-95817C41EA46}.Debug|Any CPU.Build.0 = Debug|Any CPU
		{50941447-A629-4F95-984D-95817C41EA46}.Release|Any CPU.ActiveCfg = Release|Any CPU
		{50941447-A629-4F95-984D-95817C41EA46}.Release|Any CPU.Build.0 = Release|Any CPU
		{4BDE0E5F-3785-43BE-BC70-1775A6AF35CE}.Debug|Any CPU.ActiveCfg = Debug|Any CPU
		{4BDE0E5F-3785-43BE-BC70-1775A6AF35CE}.Debug|Any CPU.Build.0 = Debug|Any CPU
		{4BDE0E5F-3785-43BE-BC70-1775A6AF35CE}.Release|Any CPU.ActiveCfg = Release|Any CPU
		{4BDE0E5F-3785-43BE-BC70-1775A6AF35CE}.Release|Any CPU.Build.0 = Release|Any CPU
		{C7E38EA3-1E1A-4802-99A0-42232F2CAB5D}.Debug|Any CPU.ActiveCfg = Debug|Any CPU
		{C7E38EA3-1E1A-4802-99A0-42232F2CAB5D}.Debug|Any CPU.Build.0 = Debug|Any CPU
		{C7E38EA3-1E1A-4802-99A0-42232F2CAB5D}.Release|Any CPU.ActiveCfg = Release|Any CPU
		{C7E38EA3-1E1A-4802-99A0-42232F2CAB5D}.Release|Any CPU.Build.0 = Release|Any CPU
		{16D3AFA4-A085-4E1D-8C79-4BCDA24B5076}.Debug|Any CPU.ActiveCfg = Debug|Any CPU
		{16D3AFA4-A085-4E1D-8C79-4BCDA24B5076}.Debug|Any CPU.Build.0 = Debug|Any CPU
		{16D3AFA4-A085-4E1D-8C79-4BCDA24B5076}.Release|Any CPU.ActiveCfg = Release|Any CPU
		{16D3AFA4-A085-4E1D-8C79-4BCDA24B5076}.Release|Any CPU.Build.0 = Release|Any CPU
		{3EF5BC56-1EA1-4767-9104-8736CDCB3757}.Debug|Any CPU.ActiveCfg = Debug|Any CPU
		{3EF5BC56-1EA1-4767-9104-8736CDCB3757}.Debug|Any CPU.Build.0 = Debug|Any CPU
		{3EF5BC56-1EA1-4767-9104-8736CDCB3757}.Release|Any CPU.ActiveCfg = Release|Any CPU
		{3EF5BC56-1EA1-4767-9104-8736CDCB3757}.Release|Any CPU.Build.0 = Release|Any CPU
		{9C127181-9D8C-4D0A-8A53-C66D8C0F8480}.Debug|Any CPU.ActiveCfg = Debug|Any CPU
		{9C127181-9D8C-4D0A-8A53-C66D8C0F8480}.Debug|Any CPU.Build.0 = Debug|Any CPU
		{9C127181-9D8C-4D0A-8A53-C66D8C0F8480}.Release|Any CPU.ActiveCfg = Release|Any CPU
		{9C127181-9D8C-4D0A-8A53-C66D8C0F8480}.Release|Any CPU.Build.0 = Release|Any CPU
		{F845CF34-DD50-424B-8110-ECE9B62053F8}.Debug|Any CPU.ActiveCfg = Debug|Any CPU
		{F845CF34-DD50-424B-8110-ECE9B62053F8}.Debug|Any CPU.Build.0 = Debug|Any CPU
		{F845CF34-DD50-424B-8110-ECE9B62053F8}.Release|Any CPU.ActiveCfg = Release|Any CPU
		{F845CF34-DD50-424B-8110-ECE9B62053F8}.Release|Any CPU.Build.0 = Release|Any CPU
		{B48A5689-9D13-4416-AD57-13B944496358}.Debug|Any CPU.ActiveCfg = Debug|Any CPU
		{B48A5689-9D13-4416-AD57-13B944496358}.Debug|Any CPU.Build.0 = Debug|Any CPU
		{B48A5689-9D13-4416-AD57-13B944496358}.Release|Any CPU.ActiveCfg = Release|Any CPU
		{B48A5689-9D13-4416-AD57-13B944496358}.Release|Any CPU.Build.0 = Release|Any CPU
		{88434651-6DEA-461C-A817-33FC295CA044}.Debug|Any CPU.ActiveCfg = Debug|Any CPU
		{88434651-6DEA-461C-A817-33FC295CA044}.Debug|Any CPU.Build.0 = Debug|Any CPU
		{88434651-6DEA-461C-A817-33FC295CA044}.Release|Any CPU.ActiveCfg = Release|Any CPU
		{88434651-6DEA-461C-A817-33FC295CA044}.Release|Any CPU.Build.0 = Release|Any CPU
		{A9D332B7-6C64-4CB4-880E-FD636B3040CC}.Debug|Any CPU.ActiveCfg = Debug|Any CPU
		{A9D332B7-6C64-4CB4-880E-FD636B3040CC}.Debug|Any CPU.Build.0 = Debug|Any CPU
		{A9D332B7-6C64-4CB4-880E-FD636B3040CC}.Release|Any CPU.ActiveCfg = Release|Any CPU
		{A9D332B7-6C64-4CB4-880E-FD636B3040CC}.Release|Any CPU.Build.0 = Release|Any CPU
		{98302BC3-D8F8-417D-B78E-9F53AB2A2548}.Debug|Any CPU.ActiveCfg = Debug|Any CPU
		{98302BC3-D8F8-417D-B78E-9F53AB2A2548}.Debug|Any CPU.Build.0 = Debug|Any CPU
		{98302BC3-D8F8-417D-B78E-9F53AB2A2548}.Release|Any CPU.ActiveCfg = Release|Any CPU
		{98302BC3-D8F8-417D-B78E-9F53AB2A2548}.Release|Any CPU.Build.0 = Release|Any CPU
		{A2E6F9FD-8F56-4359-8C2E-2AC24525A7A5}.Debug|Any CPU.ActiveCfg = Debug|Any CPU
		{A2E6F9FD-8F56-4359-8C2E-2AC24525A7A5}.Debug|Any CPU.Build.0 = Debug|Any CPU
		{A2E6F9FD-8F56-4359-8C2E-2AC24525A7A5}.Release|Any CPU.ActiveCfg = Release|Any CPU
		{A2E6F9FD-8F56-4359-8C2E-2AC24525A7A5}.Release|Any CPU.Build.0 = Release|Any CPU
		{735496D4-1DC3-4627-B8DD-2A95E83EF148}.Debug|Any CPU.ActiveCfg = Debug|Any CPU
		{735496D4-1DC3-4627-B8DD-2A95E83EF148}.Debug|Any CPU.Build.0 = Debug|Any CPU
		{735496D4-1DC3-4627-B8DD-2A95E83EF148}.Release|Any CPU.ActiveCfg = Release|Any CPU
		{735496D4-1DC3-4627-B8DD-2A95E83EF148}.Release|Any CPU.Build.0 = Release|Any CPU
		{6F004553-609F-4C4A-89A2-BB030B886135}.Debug|Any CPU.ActiveCfg = Debug|Any CPU
		{6F004553-609F-4C4A-89A2-BB030B886135}.Debug|Any CPU.Build.0 = Debug|Any CPU
		{6F004553-609F-4C4A-89A2-BB030B886135}.Release|Any CPU.ActiveCfg = Release|Any CPU
		{6F004553-609F-4C4A-89A2-BB030B886135}.Release|Any CPU.Build.0 = Release|Any CPU
		{92EF8C55-B545-4B38-B32C-CF9746DC13E0}.Debug|Any CPU.ActiveCfg = Debug|Any CPU
		{92EF8C55-B545-4B38-B32C-CF9746DC13E0}.Debug|Any CPU.Build.0 = Debug|Any CPU
		{92EF8C55-B545-4B38-B32C-CF9746DC13E0}.Release|Any CPU.ActiveCfg = Release|Any CPU
		{92EF8C55-B545-4B38-B32C-CF9746DC13E0}.Release|Any CPU.Build.0 = Release|Any CPU
		{30489307-1EA9-4576-8364-C85348F0B6DD}.Debug|Any CPU.ActiveCfg = Debug|Any CPU
		{30489307-1EA9-4576-8364-C85348F0B6DD}.Debug|Any CPU.Build.0 = Debug|Any CPU
		{30489307-1EA9-4576-8364-C85348F0B6DD}.Release|Any CPU.ActiveCfg = Release|Any CPU
		{30489307-1EA9-4576-8364-C85348F0B6DD}.Release|Any CPU.Build.0 = Release|Any CPU
		{95F2CDCF-A846-4E6C-B711-0316D2568DD5}.Debug|Any CPU.ActiveCfg = Debug|Any CPU
		{95F2CDCF-A846-4E6C-B711-0316D2568DD5}.Debug|Any CPU.Build.0 = Debug|Any CPU
		{95F2CDCF-A846-4E6C-B711-0316D2568DD5}.Release|Any CPU.ActiveCfg = Release|Any CPU
		{95F2CDCF-A846-4E6C-B711-0316D2568DD5}.Release|Any CPU.Build.0 = Release|Any CPU
		{F18246AA-CCC3-4288-B746-F061DA7FAC18}.Debug|Any CPU.ActiveCfg = Debug|Any CPU
		{F18246AA-CCC3-4288-B746-F061DA7FAC18}.Debug|Any CPU.Build.0 = Debug|Any CPU
		{F18246AA-CCC3-4288-B746-F061DA7FAC18}.Release|Any CPU.ActiveCfg = Release|Any CPU
		{F18246AA-CCC3-4288-B746-F061DA7FAC18}.Release|Any CPU.Build.0 = Release|Any CPU
		{788A191D-ABC7-4A9A-8BE3-4FA2AD731C71}.Debug|Any CPU.ActiveCfg = Debug|Any CPU
		{788A191D-ABC7-4A9A-8BE3-4FA2AD731C71}.Debug|Any CPU.Build.0 = Debug|Any CPU
		{788A191D-ABC7-4A9A-8BE3-4FA2AD731C71}.Release|Any CPU.ActiveCfg = Release|Any CPU
		{788A191D-ABC7-4A9A-8BE3-4FA2AD731C71}.Release|Any CPU.Build.0 = Release|Any CPU
		{B3A9C365-4185-4502-8932-B5F95F934EFF}.Debug|Any CPU.ActiveCfg = Debug|Any CPU
		{B3A9C365-4185-4502-8932-B5F95F934EFF}.Debug|Any CPU.Build.0 = Debug|Any CPU
		{B3A9C365-4185-4502-8932-B5F95F934EFF}.Release|Any CPU.ActiveCfg = Release|Any CPU
		{B3A9C365-4185-4502-8932-B5F95F934EFF}.Release|Any CPU.Build.0 = Release|Any CPU
		{1C0F11E2-0AD7-4F76-8919-E001E855AEC4}.Debug|Any CPU.ActiveCfg = Debug|Any CPU
		{1C0F11E2-0AD7-4F76-8919-E001E855AEC4}.Debug|Any CPU.Build.0 = Debug|Any CPU
		{1C0F11E2-0AD7-4F76-8919-E001E855AEC4}.Release|Any CPU.ActiveCfg = Release|Any CPU
		{1C0F11E2-0AD7-4F76-8919-E001E855AEC4}.Release|Any CPU.Build.0 = Release|Any CPU
		{3C54727D-587B-40B4-9F5B-A7A1A9D9D77A}.Debug|Any CPU.ActiveCfg = Debug|Any CPU
		{3C54727D-587B-40B4-9F5B-A7A1A9D9D77A}.Debug|Any CPU.Build.0 = Debug|Any CPU
		{3C54727D-587B-40B4-9F5B-A7A1A9D9D77A}.Release|Any CPU.ActiveCfg = Release|Any CPU
		{3C54727D-587B-40B4-9F5B-A7A1A9D9D77A}.Release|Any CPU.Build.0 = Release|Any CPU
		{0870C027-0797-4634-BC41-BCAEC0A0AA85}.Debug|Any CPU.ActiveCfg = Debug|Any CPU
		{0870C027-0797-4634-BC41-BCAEC0A0AA85}.Debug|Any CPU.Build.0 = Debug|Any CPU
		{0870C027-0797-4634-BC41-BCAEC0A0AA85}.Release|Any CPU.ActiveCfg = Release|Any CPU
		{0870C027-0797-4634-BC41-BCAEC0A0AA85}.Release|Any CPU.Build.0 = Release|Any CPU
		{D550700C-331B-4863-8E59-B8809C4337B6}.Debug|Any CPU.ActiveCfg = Debug|Any CPU
		{D550700C-331B-4863-8E59-B8809C4337B6}.Debug|Any CPU.Build.0 = Debug|Any CPU
		{D550700C-331B-4863-8E59-B8809C4337B6}.Release|Any CPU.ActiveCfg = Release|Any CPU
		{D550700C-331B-4863-8E59-B8809C4337B6}.Release|Any CPU.Build.0 = Release|Any CPU
		{D21B510F-38AB-46D4-9791-CFA1DAB03604}.Debug|Any CPU.ActiveCfg = Debug|Any CPU
		{D21B510F-38AB-46D4-9791-CFA1DAB03604}.Debug|Any CPU.Build.0 = Debug|Any CPU
		{D21B510F-38AB-46D4-9791-CFA1DAB03604}.Release|Any CPU.ActiveCfg = Release|Any CPU
		{D21B510F-38AB-46D4-9791-CFA1DAB03604}.Release|Any CPU.Build.0 = Release|Any CPU
		{6BE4E755-DBBA-427C-91CF-9C55BFA70691}.Debug|Any CPU.ActiveCfg = Debug|Any CPU
		{6BE4E755-DBBA-427C-91CF-9C55BFA70691}.Debug|Any CPU.Build.0 = Debug|Any CPU
		{6BE4E755-DBBA-427C-91CF-9C55BFA70691}.Release|Any CPU.ActiveCfg = Release|Any CPU
		{6BE4E755-DBBA-427C-91CF-9C55BFA70691}.Release|Any CPU.Build.0 = Release|Any CPU
		{FE8B7D6D-2F1E-4112-8EC5-AB3FC0AEBA03}.Debug|Any CPU.ActiveCfg = Debug|Any CPU
		{FE8B7D6D-2F1E-4112-8EC5-AB3FC0AEBA03}.Debug|Any CPU.Build.0 = Debug|Any CPU
		{FE8B7D6D-2F1E-4112-8EC5-AB3FC0AEBA03}.Release|Any CPU.ActiveCfg = Release|Any CPU
		{FE8B7D6D-2F1E-4112-8EC5-AB3FC0AEBA03}.Release|Any CPU.Build.0 = Release|Any CPU
		{2E3C37ED-2AB1-452B-A5FB-358AE8120802}.Debug|Any CPU.ActiveCfg = Debug|Any CPU
		{2E3C37ED-2AB1-452B-A5FB-358AE8120802}.Debug|Any CPU.Build.0 = Debug|Any CPU
		{2E3C37ED-2AB1-452B-A5FB-358AE8120802}.Release|Any CPU.ActiveCfg = Release|Any CPU
		{2E3C37ED-2AB1-452B-A5FB-358AE8120802}.Release|Any CPU.Build.0 = Release|Any CPU
		{A068751A-49CA-4E0B-B2E8-5D84A0F8DEC6}.Debug|Any CPU.ActiveCfg = Debug|Any CPU
		{A068751A-49CA-4E0B-B2E8-5D84A0F8DEC6}.Debug|Any CPU.Build.0 = Debug|Any CPU
		{A068751A-49CA-4E0B-B2E8-5D84A0F8DEC6}.Release|Any CPU.ActiveCfg = Release|Any CPU
		{A068751A-49CA-4E0B-B2E8-5D84A0F8DEC6}.Release|Any CPU.Build.0 = Release|Any CPU
		{11690557-7B1B-4F4B-9401-0C239C4B9C45}.Debug|Any CPU.ActiveCfg = Debug|Any CPU
		{11690557-7B1B-4F4B-9401-0C239C4B9C45}.Debug|Any CPU.Build.0 = Debug|Any CPU
		{11690557-7B1B-4F4B-9401-0C239C4B9C45}.Release|Any CPU.ActiveCfg = Release|Any CPU
		{11690557-7B1B-4F4B-9401-0C239C4B9C45}.Release|Any CPU.Build.0 = Release|Any CPU
		{F6AB3BE6-1418-46AF-9FF9-0000ABD0114C}.Debug|Any CPU.ActiveCfg = Debug|Any CPU
		{F6AB3BE6-1418-46AF-9FF9-0000ABD0114C}.Debug|Any CPU.Build.0 = Debug|Any CPU
		{F6AB3BE6-1418-46AF-9FF9-0000ABD0114C}.Release|Any CPU.ActiveCfg = Release|Any CPU
		{F6AB3BE6-1418-46AF-9FF9-0000ABD0114C}.Release|Any CPU.Build.0 = Release|Any CPU
		{481FCB62-EBFC-4387-BB17-4477D8697718}.Debug|Any CPU.ActiveCfg = Debug|Any CPU
		{481FCB62-EBFC-4387-BB17-4477D8697718}.Debug|Any CPU.Build.0 = Debug|Any CPU
		{481FCB62-EBFC-4387-BB17-4477D8697718}.Release|Any CPU.ActiveCfg = Release|Any CPU
		{481FCB62-EBFC-4387-BB17-4477D8697718}.Release|Any CPU.Build.0 = Release|Any CPU
		{1C5B2ED6-EC98-40B7-AFA8-1C4B392DE3A9}.Debug|Any CPU.ActiveCfg = Debug|Any CPU
		{1C5B2ED6-EC98-40B7-AFA8-1C4B392DE3A9}.Debug|Any CPU.Build.0 = Debug|Any CPU
		{1C5B2ED6-EC98-40B7-AFA8-1C4B392DE3A9}.Release|Any CPU.ActiveCfg = Release|Any CPU
		{1C5B2ED6-EC98-40B7-AFA8-1C4B392DE3A9}.Release|Any CPU.Build.0 = Release|Any CPU
		{CF8854E5-2681-4F81-9F1D-F9EC3292F1CF}.Debug|Any CPU.ActiveCfg = Debug|Any CPU
		{CF8854E5-2681-4F81-9F1D-F9EC3292F1CF}.Debug|Any CPU.Build.0 = Debug|Any CPU
		{CF8854E5-2681-4F81-9F1D-F9EC3292F1CF}.Release|Any CPU.ActiveCfg = Release|Any CPU
		{CF8854E5-2681-4F81-9F1D-F9EC3292F1CF}.Release|Any CPU.Build.0 = Release|Any CPU
		{72F14302-9EA1-4CDE-8699-9DD7FB4671C0}.Debug|Any CPU.ActiveCfg = Debug|Any CPU
		{72F14302-9EA1-4CDE-8699-9DD7FB4671C0}.Debug|Any CPU.Build.0 = Debug|Any CPU
		{72F14302-9EA1-4CDE-8699-9DD7FB4671C0}.Release|Any CPU.ActiveCfg = Release|Any CPU
		{72F14302-9EA1-4CDE-8699-9DD7FB4671C0}.Release|Any CPU.Build.0 = Release|Any CPU
	EndGlobalSection
	GlobalSection(SolutionProperties) = preSolution
		HideSolutionNode = FALSE
	EndGlobalSection
	GlobalSection(ExtensibilityGlobals) = postSolution
		SolutionGuid = {16306C98-4903-4394-8B00-4CE9A9319179}
	EndGlobalSection
EndGlobal
