
Microsoft Visual Studio Solution File, Format Version 12.00
# Visual Studio 15
VisualStudioVersion = 15.0.27703.2047
MinimumVisualStudioVersion = 10.0.40219.1
Project("{FAE04EC0-301F-11D3-BF4B-00C04F79EFBC}") = "Abraldez.Selene.2A", "Abraldez.Selene.2A\Abraldez.Selene.2A.csproj", "{34C17B8A-FCB7-431E-9767-FCD2E95384B6}"
EndProject
Project("{FAE04EC0-301F-11D3-BF4B-00C04F79EFBC}") = "PreparcialTest", "PreparcialTest\PreparcialTest.csproj", "{05C565FC-5F8E-42EC-9A72-95C4F436DC70}"
EndProject
Global
	GlobalSection(SolutionConfigurationPlatforms) = preSolution
		Debug|Any CPU = Debug|Any CPU
		Release|Any CPU = Release|Any CPU
	EndGlobalSection
	GlobalSection(ProjectConfigurationPlatforms) = postSolution
		{34C17B8A-FCB7-431E-9767-FCD2E95384B6}.Debug|Any CPU.ActiveCfg = Debug|Any CPU
		{34C17B8A-FCB7-431E-9767-FCD2E95384B6}.Debug|Any CPU.Build.0 = Debug|Any CPU
		{34C17B8A-FCB7-431E-9767-FCD2E95384B6}.Release|Any CPU.ActiveCfg = Release|Any CPU
		{34C17B8A-FCB7-431E-9767-FCD2E95384B6}.Release|Any CPU.Build.0 = Release|Any CPU
		{05C565FC-5F8E-42EC-9A72-95C4F436DC70}.Debug|Any CPU.ActiveCfg = Debug|Any CPU
		{05C565FC-5F8E-42EC-9A72-95C4F436DC70}.Debug|Any CPU.Build.0 = Debug|Any CPU
		{05C565FC-5F8E-42EC-9A72-95C4F436DC70}.Release|Any CPU.ActiveCfg = Release|Any CPU
		{05C565FC-5F8E-42EC-9A72-95C4F436DC70}.Release|Any CPU.Build.0 = Release|Any CPU
	EndGlobalSection
	GlobalSection(SolutionProperties) = preSolution
		HideSolutionNode = FALSE
	EndGlobalSection
	GlobalSection(ExtensibilityGlobals) = postSolution
		SolutionGuid = {CE6CFC9B-846E-4D57-9335-BD821AEC184B}
	EndGlobalSection
EndGlobal
