
Microsoft Visual Studio Solution File, Format Version 12.00
# Visual Studio 15
VisualStudioVersion = 15.0.27703.2047
MinimumVisualStudioVersion = 10.0.40219.1
Project("{9A19103F-16F7-4668-BE54-9A1E7A4F7556}") = "Clase05-Entidades", "Clase05-Entidades\Clase05-Entidades.csproj", "{AF0B6710-C44C-49AA-90BB-821C3A54AFEC}"
EndProject
Project("{FAE04EC0-301F-11D3-BF4B-00C04F79EFBC}") = "Clase05_test", "Clase05_test\Clase05_test.csproj", "{4B6792DB-C6B5-419D-B28B-5F40C2BC2E1E}"
EndProject
Global
	GlobalSection(SolutionConfigurationPlatforms) = preSolution
		Debug|Any CPU = Debug|Any CPU
		Release|Any CPU = Release|Any CPU
	EndGlobalSection
	GlobalSection(ProjectConfigurationPlatforms) = postSolution
		{AF0B6710-C44C-49AA-90BB-821C3A54AFEC}.Debug|Any CPU.ActiveCfg = Debug|Any CPU
		{AF0B6710-C44C-49AA-90BB-821C3A54AFEC}.Debug|Any CPU.Build.0 = Debug|Any CPU
		{AF0B6710-C44C-49AA-90BB-821C3A54AFEC}.Release|Any CPU.ActiveCfg = Release|Any CPU
		{AF0B6710-C44C-49AA-90BB-821C3A54AFEC}.Release|Any CPU.Build.0 = Release|Any CPU
		{4B6792DB-C6B5-419D-B28B-5F40C2BC2E1E}.Debug|Any CPU.ActiveCfg = Debug|Any CPU
		{4B6792DB-C6B5-419D-B28B-5F40C2BC2E1E}.Debug|Any CPU.Build.0 = Debug|Any CPU
		{4B6792DB-C6B5-419D-B28B-5F40C2BC2E1E}.Release|Any CPU.ActiveCfg = Release|Any CPU
		{4B6792DB-C6B5-419D-B28B-5F40C2BC2E1E}.Release|Any CPU.Build.0 = Release|Any CPU
	EndGlobalSection
	GlobalSection(SolutionProperties) = preSolution
		HideSolutionNode = FALSE
	EndGlobalSection
	GlobalSection(ExtensibilityGlobals) = postSolution
		SolutionGuid = {F20BE9F5-F7BB-43B0-9F38-407B8D07D4D6}
	EndGlobalSection
EndGlobal
