
Microsoft Visual Studio Solution File, Format Version 12.00
# Visual Studio Version 16
VisualStudioVersion = 16.0.29215.179
MinimumVisualStudioVersion = 10.0.40219.1
Project("{FAE04EC0-301F-11D3-BF4B-00C04F79EFBC}") = "Clases Abstractas", "Clases Abstractas\Clases Abstractas.csproj", "{B6F30BB9-9195-418B-AB90-6EBE28F66D14}"
EndProject
Project("{FAE04EC0-301F-11D3-BF4B-00C04F79EFBC}") = "Excepciones", "Excepciones\Excepciones.csproj", "{C7C5A826-6D3D-4782-BEBB-1D0BAC4DF859}"
EndProject
Project("{FAE04EC0-301F-11D3-BF4B-00C04F79EFBC}") = "Clases Instanciables", "Clases Instanciables\Clases Instanciables.csproj", "{EBAA760F-7942-4C91-B709-53E537820597}"
EndProject
Project("{FAE04EC0-301F-11D3-BF4B-00C04F79EFBC}") = "Archivos", "Archivos\Archivos.csproj", "{B0703222-C07F-4706-BE02-6E818D9873BE}"
EndProject
Project("{FAE04EC0-301F-11D3-BF4B-00C04F79EFBC}") = "Programa", "Programa\Programa.csproj", "{3A5C800F-8731-495C-BCEF-C20962684DEF}"
EndProject
Project("{FAE04EC0-301F-11D3-BF4B-00C04F79EFBC}") = "Tests unitarios", "Tests unitarios\Tests unitarios.csproj", "{53B03AC1-361C-4F0D-9CFD-428C6E83FAC4}"
EndProject
Global
	GlobalSection(SolutionConfigurationPlatforms) = preSolution
		Debug|Any CPU = Debug|Any CPU
		Release|Any CPU = Release|Any CPU
	EndGlobalSection
	GlobalSection(ProjectConfigurationPlatforms) = postSolution
		{B6F30BB9-9195-418B-AB90-6EBE28F66D14}.Debug|Any CPU.ActiveCfg = Debug|Any CPU
		{B6F30BB9-9195-418B-AB90-6EBE28F66D14}.Debug|Any CPU.Build.0 = Debug|Any CPU
		{B6F30BB9-9195-418B-AB90-6EBE28F66D14}.Release|Any CPU.ActiveCfg = Release|Any CPU
		{B6F30BB9-9195-418B-AB90-6EBE28F66D14}.Release|Any CPU.Build.0 = Release|Any CPU
		{C7C5A826-6D3D-4782-BEBB-1D0BAC4DF859}.Debug|Any CPU.ActiveCfg = Debug|Any CPU
		{C7C5A826-6D3D-4782-BEBB-1D0BAC4DF859}.Debug|Any CPU.Build.0 = Debug|Any CPU
		{C7C5A826-6D3D-4782-BEBB-1D0BAC4DF859}.Release|Any CPU.ActiveCfg = Release|Any CPU
		{C7C5A826-6D3D-4782-BEBB-1D0BAC4DF859}.Release|Any CPU.Build.0 = Release|Any CPU
		{EBAA760F-7942-4C91-B709-53E537820597}.Debug|Any CPU.ActiveCfg = Debug|Any CPU
		{EBAA760F-7942-4C91-B709-53E537820597}.Debug|Any CPU.Build.0 = Debug|Any CPU
		{EBAA760F-7942-4C91-B709-53E537820597}.Release|Any CPU.ActiveCfg = Release|Any CPU
		{EBAA760F-7942-4C91-B709-53E537820597}.Release|Any CPU.Build.0 = Release|Any CPU
		{B0703222-C07F-4706-BE02-6E818D9873BE}.Debug|Any CPU.ActiveCfg = Debug|Any CPU
		{B0703222-C07F-4706-BE02-6E818D9873BE}.Debug|Any CPU.Build.0 = Debug|Any CPU
		{B0703222-C07F-4706-BE02-6E818D9873BE}.Release|Any CPU.ActiveCfg = Release|Any CPU
		{B0703222-C07F-4706-BE02-6E818D9873BE}.Release|Any CPU.Build.0 = Release|Any CPU
		{3A5C800F-8731-495C-BCEF-C20962684DEF}.Debug|Any CPU.ActiveCfg = Debug|Any CPU
		{3A5C800F-8731-495C-BCEF-C20962684DEF}.Debug|Any CPU.Build.0 = Debug|Any CPU
		{3A5C800F-8731-495C-BCEF-C20962684DEF}.Release|Any CPU.ActiveCfg = Release|Any CPU
		{3A5C800F-8731-495C-BCEF-C20962684DEF}.Release|Any CPU.Build.0 = Release|Any CPU
		{53B03AC1-361C-4F0D-9CFD-428C6E83FAC4}.Debug|Any CPU.ActiveCfg = Debug|Any CPU
		{53B03AC1-361C-4F0D-9CFD-428C6E83FAC4}.Debug|Any CPU.Build.0 = Debug|Any CPU
		{53B03AC1-361C-4F0D-9CFD-428C6E83FAC4}.Release|Any CPU.ActiveCfg = Release|Any CPU
		{53B03AC1-361C-4F0D-9CFD-428C6E83FAC4}.Release|Any CPU.Build.0 = Release|Any CPU
	EndGlobalSection
	GlobalSection(SolutionProperties) = preSolution
		HideSolutionNode = FALSE
	EndGlobalSection
	GlobalSection(ExtensibilityGlobals) = postSolution
		SolutionGuid = {130AD3A0-F030-436F-9AFC-61EB89C32737}
	EndGlobalSection
EndGlobal
