
Microsoft Visual Studio Solution File, Format Version 12.00
# Visual Studio 2012
Project("{FAE04EC0-301F-11D3-BF4B-00C04F79EFBC}") = "Ejercicio 60", "Ejercicio 60\Ejercicio 60.csproj", "{BCF668A8-58C3-45CC-B3CC-1D63A55A0B38}"
EndProject
Global
	GlobalSection(SolutionConfigurationPlatforms) = preSolution
		Debug|Any CPU = Debug|Any CPU
		Release|Any CPU = Release|Any CPU
	EndGlobalSection
	GlobalSection(ProjectConfigurationPlatforms) = postSolution
		{BCF668A8-58C3-45CC-B3CC-1D63A55A0B38}.Debug|Any CPU.ActiveCfg = Debug|Any CPU
		{BCF668A8-58C3-45CC-B3CC-1D63A55A0B38}.Debug|Any CPU.Build.0 = Debug|Any CPU
		{BCF668A8-58C3-45CC-B3CC-1D63A55A0B38}.Release|Any CPU.ActiveCfg = Release|Any CPU
		{BCF668A8-58C3-45CC-B3CC-1D63A55A0B38}.Release|Any CPU.Build.0 = Release|Any CPU
	EndGlobalSection
	GlobalSection(SolutionProperties) = preSolution
		HideSolutionNode = FALSE
	EndGlobalSection
EndGlobal
