
Microsoft Visual Studio Solution File, Format Version 12.00
# Visual Studio Version 16
VisualStudioVersion = 16.0.30011.22
MinimumVisualStudioVersion = 10.0.40219.1
Project("{FAE04EC0-301F-11D3-BF4B-00C04F79EFBC}") = "Entidades", "Entidades\Entidades.csproj", "{16E17AAA-BFBC-48C7-9982-FE364F150C05}"
EndProject
Project("{FAE04EC0-301F-11D3-BF4B-00C04F79EFBC}") = "BibliotecaTest", "BibliotecaTest\BibliotecaTest.csproj", "{ED1CB3DD-A8DD-4282-8B50-3A5B72B2871E}"
EndProject
Global
	GlobalSection(SolutionConfigurationPlatforms) = preSolution
		Debug|Any CPU = Debug|Any CPU
		Release|Any CPU = Release|Any CPU
	EndGlobalSection
	GlobalSection(ProjectConfigurationPlatforms) = postSolution
		{16E17AAA-BFBC-48C7-9982-FE364F150C05}.Debug|Any CPU.ActiveCfg = Debug|Any CPU
		{16E17AAA-BFBC-48C7-9982-FE364F150C05}.Debug|Any CPU.Build.0 = Debug|Any CPU
		{16E17AAA-BFBC-48C7-9982-FE364F150C05}.Release|Any CPU.ActiveCfg = Release|Any CPU
		{16E17AAA-BFBC-48C7-9982-FE364F150C05}.Release|Any CPU.Build.0 = Release|Any CPU
		{ED1CB3DD-A8DD-4282-8B50-3A5B72B2871E}.Debug|Any CPU.ActiveCfg = Debug|Any CPU
		{ED1CB3DD-A8DD-4282-8B50-3A5B72B2871E}.Debug|Any CPU.Build.0 = Debug|Any CPU
		{ED1CB3DD-A8DD-4282-8B50-3A5B72B2871E}.Release|Any CPU.ActiveCfg = Release|Any CPU
		{ED1CB3DD-A8DD-4282-8B50-3A5B72B2871E}.Release|Any CPU.Build.0 = Release|Any CPU
	EndGlobalSection
	GlobalSection(SolutionProperties) = preSolution
		HideSolutionNode = FALSE
	EndGlobalSection
	GlobalSection(ExtensibilityGlobals) = postSolution
		SolutionGuid = {BCDF3C92-1EAB-43E6-AE0A-DE4FE48273D9}
	EndGlobalSection
EndGlobal
