
Microsoft Visual Studio Solution File, Format Version 12.00
# Visual Studio Version 16
VisualStudioVersion = 16.0.30011.22
MinimumVisualStudioVersion = 10.0.40219.1
Project("{FAE04EC0-301F-11D3-BF4B-00C04F79EFBC}") = "SP", "SP\SP.csproj", "{BECE7A4D-3F78-4314-90D8-D0725D62C699}"
EndProject
Project("{FAE04EC0-301F-11D3-BF4B-00C04F79EFBC}") = "Entidades.SP", "Entidades.SP\Entidades.SP.csproj", "{B6F1BBBA-3DB1-4E4C-B83C-2BAA63A13153}"
EndProject
Global
	GlobalSection(SolutionConfigurationPlatforms) = preSolution
		Debug|Any CPU = Debug|Any CPU
		Release|Any CPU = Release|Any CPU
	EndGlobalSection
	GlobalSection(ProjectConfigurationPlatforms) = postSolution
		{BECE7A4D-3F78-4314-90D8-D0725D62C699}.Debug|Any CPU.ActiveCfg = Debug|Any CPU
		{BECE7A4D-3F78-4314-90D8-D0725D62C699}.Debug|Any CPU.Build.0 = Debug|Any CPU
		{BECE7A4D-3F78-4314-90D8-D0725D62C699}.Release|Any CPU.ActiveCfg = Release|Any CPU
		{BECE7A4D-3F78-4314-90D8-D0725D62C699}.Release|Any CPU.Build.0 = Release|Any CPU
		{B6F1BBBA-3DB1-4E4C-B83C-2BAA63A13153}.Debug|Any CPU.ActiveCfg = Debug|Any CPU
		{B6F1BBBA-3DB1-4E4C-B83C-2BAA63A13153}.Debug|Any CPU.Build.0 = Debug|Any CPU
		{B6F1BBBA-3DB1-4E4C-B83C-2BAA63A13153}.Release|Any CPU.ActiveCfg = Release|Any CPU
		{B6F1BBBA-3DB1-4E4C-B83C-2BAA63A13153}.Release|Any CPU.Build.0 = Release|Any CPU
	EndGlobalSection
	GlobalSection(SolutionProperties) = preSolution
		HideSolutionNode = FALSE
	EndGlobalSection
	GlobalSection(ExtensibilityGlobals) = postSolution
		SolutionGuid = {BC3ED72C-556D-40C3-BCDE-CC905FB0D472}
	EndGlobalSection
EndGlobal
