
Microsoft Visual Studio Solution File, Format Version 12.00
# Visual Studio Version 16
VisualStudioVersion = 16.0.30011.22
MinimumVisualStudioVersion = 10.0.40219.1
Project("{FAE04EC0-301F-11D3-BF4B-00C04F79EFBC}") = "Test", "Test\Test.csproj", "{CF5F2AB3-326B-4E7B-8003-B80CB3F675C6}"
EndProject
Project("{FAE04EC0-301F-11D3-BF4B-00C04F79EFBC}") = "Clases_Abstractas", "Clases_Abstractas\Clases_Abstractas.csproj", "{6CFD1824-1214-4447-AE39-F085987ECA16}"
EndProject
Project("{FAE04EC0-301F-11D3-BF4B-00C04F79EFBC}") = "Clases Instanciables", "Clases Instanciables\Clases Instanciables.csproj", "{F03BEDBF-617E-4E99-9475-F3CDDE955FB2}"
EndProject
Project("{FAE04EC0-301F-11D3-BF4B-00C04F79EFBC}") = "Excepciones", "Excepciones\Excepciones.csproj", "{CC9D7C79-74AD-452D-8BF6-8B083B0EAA43}"
EndProject
Project("{FAE04EC0-301F-11D3-BF4B-00C04F79EFBC}") = "Archivos", "Archivos\Archivos.csproj", "{194D2D9A-4E0F-485C-B037-8A26450E8BA6}"
EndProject
Project("{FAE04EC0-301F-11D3-BF4B-00C04F79EFBC}") = "Test_Unitario", "Test_Unitario\Test_Unitario.csproj", "{D644E260-56E3-4741-AFAB-81F6ACF72ECE}"
EndProject
Global
	GlobalSection(SolutionConfigurationPlatforms) = preSolution
		Debug|Any CPU = Debug|Any CPU
		Release|Any CPU = Release|Any CPU
	EndGlobalSection
	GlobalSection(ProjectConfigurationPlatforms) = postSolution
		{CF5F2AB3-326B-4E7B-8003-B80CB3F675C6}.Debug|Any CPU.ActiveCfg = Debug|Any CPU
		{CF5F2AB3-326B-4E7B-8003-B80CB3F675C6}.Debug|Any CPU.Build.0 = Debug|Any CPU
		{CF5F2AB3-326B-4E7B-8003-B80CB3F675C6}.Release|Any CPU.ActiveCfg = Release|Any CPU
		{CF5F2AB3-326B-4E7B-8003-B80CB3F675C6}.Release|Any CPU.Build.0 = Release|Any CPU
		{6CFD1824-1214-4447-AE39-F085987ECA16}.Debug|Any CPU.ActiveCfg = Debug|Any CPU
		{6CFD1824-1214-4447-AE39-F085987ECA16}.Debug|Any CPU.Build.0 = Debug|Any CPU
		{6CFD1824-1214-4447-AE39-F085987ECA16}.Release|Any CPU.ActiveCfg = Release|Any CPU
		{6CFD1824-1214-4447-AE39-F085987ECA16}.Release|Any CPU.Build.0 = Release|Any CPU
		{F03BEDBF-617E-4E99-9475-F3CDDE955FB2}.Debug|Any CPU.ActiveCfg = Debug|Any CPU
		{F03BEDBF-617E-4E99-9475-F3CDDE955FB2}.Debug|Any CPU.Build.0 = Debug|Any CPU
		{F03BEDBF-617E-4E99-9475-F3CDDE955FB2}.Release|Any CPU.ActiveCfg = Release|Any CPU
		{F03BEDBF-617E-4E99-9475-F3CDDE955FB2}.Release|Any CPU.Build.0 = Release|Any CPU
		{CC9D7C79-74AD-452D-8BF6-8B083B0EAA43}.Debug|Any CPU.ActiveCfg = Debug|Any CPU
		{CC9D7C79-74AD-452D-8BF6-8B083B0EAA43}.Debug|Any CPU.Build.0 = Debug|Any CPU
		{CC9D7C79-74AD-452D-8BF6-8B083B0EAA43}.Release|Any CPU.ActiveCfg = Release|Any CPU
		{CC9D7C79-74AD-452D-8BF6-8B083B0EAA43}.Release|Any CPU.Build.0 = Release|Any CPU
		{194D2D9A-4E0F-485C-B037-8A26450E8BA6}.Debug|Any CPU.ActiveCfg = Debug|Any CPU
		{194D2D9A-4E0F-485C-B037-8A26450E8BA6}.Debug|Any CPU.Build.0 = Debug|Any CPU
		{194D2D9A-4E0F-485C-B037-8A26450E8BA6}.Release|Any CPU.ActiveCfg = Release|Any CPU
		{194D2D9A-4E0F-485C-B037-8A26450E8BA6}.Release|Any CPU.Build.0 = Release|Any CPU
		{D644E260-56E3-4741-AFAB-81F6ACF72ECE}.Debug|Any CPU.ActiveCfg = Debug|Any CPU
		{D644E260-56E3-4741-AFAB-81F6ACF72ECE}.Debug|Any CPU.Build.0 = Debug|Any CPU
		{D644E260-56E3-4741-AFAB-81F6ACF72ECE}.Release|Any CPU.ActiveCfg = Release|Any CPU
		{D644E260-56E3-4741-AFAB-81F6ACF72ECE}.Release|Any CPU.Build.0 = Release|Any CPU
	EndGlobalSection
	GlobalSection(SolutionProperties) = preSolution
		HideSolutionNode = FALSE
	EndGlobalSection
	GlobalSection(ExtensibilityGlobals) = postSolution
		SolutionGuid = {64830C64-864C-4EAA-8B1C-A0F5E29F5E8F}
	EndGlobalSection
EndGlobal
