
Microsoft Visual Studio Solution File, Format Version 12.00
# Visual Studio Version 16
VisualStudioVersion = 16.0.29215.179
MinimumVisualStudioVersion = 10.0.40219.1
Project("{FAE04EC0-301F-11D3-BF4B-00C04F79EFBC}") = "Clase_Ejercicio_05", "Clase_Ejercicio_05\Clase_Ejercicio_05.csproj", "{9420233C-9474-4B04-A45C-08BF957FBEEC}"
EndProject
Project("{FAE04EC0-301F-11D3-BF4B-00C04F79EFBC}") = "TestEstante", "TestEstante\TestEstante.csproj", "{2E818DB8-60A6-41A8-BEC4-64CEBFFC2D4A}"
EndProject
Global
	GlobalSection(SolutionConfigurationPlatforms) = preSolution
		Debug|Any CPU = Debug|Any CPU
		Release|Any CPU = Release|Any CPU
	EndGlobalSection
	GlobalSection(ProjectConfigurationPlatforms) = postSolution
		{9420233C-9474-4B04-A45C-08BF957FBEEC}.Debug|Any CPU.ActiveCfg = Debug|Any CPU
		{9420233C-9474-4B04-A45C-08BF957FBEEC}.Debug|Any CPU.Build.0 = Debug|Any CPU
		{9420233C-9474-4B04-A45C-08BF957FBEEC}.Release|Any CPU.ActiveCfg = Release|Any CPU
		{9420233C-9474-4B04-A45C-08BF957FBEEC}.Release|Any CPU.Build.0 = Release|Any CPU
		{2E818DB8-60A6-41A8-BEC4-64CEBFFC2D4A}.Debug|Any CPU.ActiveCfg = Debug|Any CPU
		{2E818DB8-60A6-41A8-BEC4-64CEBFFC2D4A}.Debug|Any CPU.Build.0 = Debug|Any CPU
		{2E818DB8-60A6-41A8-BEC4-64CEBFFC2D4A}.Release|Any CPU.ActiveCfg = Release|Any CPU
		{2E818DB8-60A6-41A8-BEC4-64CEBFFC2D4A}.Release|Any CPU.Build.0 = Release|Any CPU
	EndGlobalSection
	GlobalSection(SolutionProperties) = preSolution
		HideSolutionNode = FALSE
	EndGlobalSection
	GlobalSection(ExtensibilityGlobals) = postSolution
		SolutionGuid = {CB26835B-E8AF-4092-AE13-E42B71D6BB4C}
	EndGlobalSection
EndGlobal
