
Microsoft Visual Studio Solution File, Format Version 12.00
# Visual Studio 15
VisualStudioVersion = 15.0.27703.2047
MinimumVisualStudioVersion = 10.0.40219.1
Project("{FAE04EC0-301F-11D3-BF4B-00C04F79EFBC}") = "Entidades", "Entidades\Entidades.csproj", "{584DAC5F-39E3-4BCD-9727-3F4B510C609C}"
EndProject
Project("{FAE04EC0-301F-11D3-BF4B-00C04F79EFBC}") = "Test", "Test\Test.csproj", "{483ACF25-F406-406C-922E-F84290BF8A97}"
EndProject
Project("{FAE04EC0-301F-11D3-BF4B-00C04F79EFBC}") = "Forms1", "Forms1\Forms1.csproj", "{6A5E6F1A-2D60-4FFA-8F0A-EDD53F439BAD}"
EndProject
Global
	GlobalSection(SolutionConfigurationPlatforms) = preSolution
		Debug|Any CPU = Debug|Any CPU
		Release|Any CPU = Release|Any CPU
	EndGlobalSection
	GlobalSection(ProjectConfigurationPlatforms) = postSolution
		{584DAC5F-39E3-4BCD-9727-3F4B510C609C}.Debug|Any CPU.ActiveCfg = Debug|Any CPU
		{584DAC5F-39E3-4BCD-9727-3F4B510C609C}.Debug|Any CPU.Build.0 = Debug|Any CPU
		{584DAC5F-39E3-4BCD-9727-3F4B510C609C}.Release|Any CPU.ActiveCfg = Release|Any CPU
		{584DAC5F-39E3-4BCD-9727-3F4B510C609C}.Release|Any CPU.Build.0 = Release|Any CPU
		{483ACF25-F406-406C-922E-F84290BF8A97}.Debug|Any CPU.ActiveCfg = Debug|Any CPU
		{483ACF25-F406-406C-922E-F84290BF8A97}.Debug|Any CPU.Build.0 = Debug|Any CPU
		{483ACF25-F406-406C-922E-F84290BF8A97}.Release|Any CPU.ActiveCfg = Release|Any CPU
		{483ACF25-F406-406C-922E-F84290BF8A97}.Release|Any CPU.Build.0 = Release|Any CPU
		{6A5E6F1A-2D60-4FFA-8F0A-EDD53F439BAD}.Debug|Any CPU.ActiveCfg = Debug|Any CPU
		{6A5E6F1A-2D60-4FFA-8F0A-EDD53F439BAD}.Debug|Any CPU.Build.0 = Debug|Any CPU
		{6A5E6F1A-2D60-4FFA-8F0A-EDD53F439BAD}.Release|Any CPU.ActiveCfg = Release|Any CPU
		{6A5E6F1A-2D60-4FFA-8F0A-EDD53F439BAD}.Release|Any CPU.Build.0 = Release|Any CPU
	EndGlobalSection
	GlobalSection(SolutionProperties) = preSolution
		HideSolutionNode = FALSE
	EndGlobalSection
	GlobalSection(ExtensibilityGlobals) = postSolution
		SolutionGuid = {6148665E-EF19-481D-A7BC-5A984240D49C}
	EndGlobalSection
EndGlobal
