
Microsoft Visual Studio Solution File, Format Version 12.00
# Visual Studio 15
VisualStudioVersion = 15.0.27703.2047
MinimumVisualStudioVersion = 10.0.40219.1
Project("{FAE04EC0-301F-11D3-BF4B-00C04F79EFBC}") = "Entidades", "Entidades\Entidades.csproj", "{A30748B5-0208-4C7F-A854-5DA99E018063}"
EndProject
Project("{FAE04EC0-301F-11D3-BF4B-00C04F79EFBC}") = "ParcialTest", "ParcialTest\ParcialTest.csproj", "{F57FFB8E-559F-4892-823D-725753AF4A2A}"
EndProject
Global
	GlobalSection(SolutionConfigurationPlatforms) = preSolution
		Debug|Any CPU = Debug|Any CPU
		Release|Any CPU = Release|Any CPU
	EndGlobalSection
	GlobalSection(ProjectConfigurationPlatforms) = postSolution
		{A30748B5-0208-4C7F-A854-5DA99E018063}.Debug|Any CPU.ActiveCfg = Debug|Any CPU
		{A30748B5-0208-4C7F-A854-5DA99E018063}.Debug|Any CPU.Build.0 = Debug|Any CPU
		{A30748B5-0208-4C7F-A854-5DA99E018063}.Release|Any CPU.ActiveCfg = Release|Any CPU
		{A30748B5-0208-4C7F-A854-5DA99E018063}.Release|Any CPU.Build.0 = Release|Any CPU
		{F57FFB8E-559F-4892-823D-725753AF4A2A}.Debug|Any CPU.ActiveCfg = Debug|Any CPU
		{F57FFB8E-559F-4892-823D-725753AF4A2A}.Debug|Any CPU.Build.0 = Debug|Any CPU
		{F57FFB8E-559F-4892-823D-725753AF4A2A}.Release|Any CPU.ActiveCfg = Release|Any CPU
		{F57FFB8E-559F-4892-823D-725753AF4A2A}.Release|Any CPU.Build.0 = Release|Any CPU
	EndGlobalSection
	GlobalSection(SolutionProperties) = preSolution
		HideSolutionNode = FALSE
	EndGlobalSection
	GlobalSection(ExtensibilityGlobals) = postSolution
		SolutionGuid = {C5D22758-8E14-4F80-B0E8-9BE2DD8EC097}
	EndGlobalSection
EndGlobal
